
Microsoft Visual Studio Solution File, Format Version 12.00
# Visual Studio Version 16
VisualStudioVersion = 16.0.30413.136
MinimumVisualStudioVersion = 10.0.40219.1
Project("{9A19103F-16F7-4668-BE54-9A1E7A4F7556}") = "IO.Swagger", "src\IO.Swagger\IO.Swagger.csproj", "{F1009064-765F-4FED-A137-B9BA05AFB922}"
EndProject
Global
	GlobalSection(SolutionConfigurationPlatforms) = preSolution
		Debug|Any CPU = Debug|Any CPU
		Release|Any CPU = Release|Any CPU
	EndGlobalSection
	GlobalSection(ProjectConfigurationPlatforms) = postSolution
		{F1009064-765F-4FED-A137-B9BA05AFB922}.Debug|Any CPU.ActiveCfg = Debug|Any CPU
		{F1009064-765F-4FED-A137-B9BA05AFB922}.Debug|Any CPU.Build.0 = Debug|Any CPU
		{F1009064-765F-4FED-A137-B9BA05AFB922}.Release|Any CPU.ActiveCfg = Release|Any CPU
		{F1009064-765F-4FED-A137-B9BA05AFB922}.Release|Any CPU.Build.0 = Release|Any CPU
	EndGlobalSection
	GlobalSection(SolutionProperties) = preSolution
		HideSolutionNode = FALSE
	EndGlobalSection
	GlobalSection(ExtensibilityGlobals) = postSolution
		SolutionGuid = {BAD2599B-6FB7-4442-ACB9-E14F9F17BA1C}
	EndGlobalSection
EndGlobal
